// !$*UTF8*$!
{
	archiveVersion = 1;
	classes = {
	};
	objectVersion = 51;
	objects = {

/* Begin PBXBuildFile section */
		03691879A41138B75228581D /* Pods_PartytionAppTests.framework in Frameworks */ = {isa = PBXBuildFile; fileRef = FC524F970F6258EFA7CDED58 /* Pods_PartytionAppTests.framework */; };
		27264E9D22F8434100839EBA /* SplashViewController.swift in Sources */ = {isa = PBXBuildFile; fileRef = 27264E9C22F8434100839EBA /* SplashViewController.swift */; };
		27264EA122F844EF00839EBA /* SplashScreen.storyboard in Resources */ = {isa = PBXBuildFile; fileRef = 27264EA022F844EF00839EBA /* SplashScreen.storyboard */; };
		27264EA422F850DF00839EBA /* BeerBubbles.json in Resources */ = {isa = PBXBuildFile; fileRef = 27264EA322F850DF00839EBA /* BeerBubbles.json */; };
		27264EAC22F8533800839EBA /* Lottie.framework in Frameworks */ = {isa = PBXBuildFile; fileRef = 27264EA722F8521B00839EBA /* Lottie.framework */; settings = {ATTRIBUTES = (Required, ); }; };
		27264EAD22F854AA00839EBA /* Lottie.framework in Resources */ = {isa = PBXBuildFile; fileRef = 27264EA722F8521B00839EBA /* Lottie.framework */; };
		27264EAF22F855D700839EBA /* Lottie.framework in Embed Frameworks */ = {isa = PBXBuildFile; fileRef = 27264EA722F8521B00839EBA /* Lottie.framework */; settings = {ATTRIBUTES = (CodeSignOnCopy, RemoveHeadersOnCopy, ); }; };
		2736892B230ECBE4000EC4B5 /* PartytionDB.xcdatamodeld in Sources */ = {isa = PBXBuildFile; fileRef = 27368929230ECBE4000EC4B5 /* PartytionDB.xcdatamodeld */; };
		2736892F230ED516000EC4B5 /* DateFormatter.swift in Sources */ = {isa = PBXBuildFile; fileRef = 2736892E230ED516000EC4B5 /* DateFormatter.swift */; };
		2737BB57230AD562007E4C2E /* QuestionPresenter.swift in Sources */ = {isa = PBXBuildFile; fileRef = 2737BB56230AD562007E4C2E /* QuestionPresenter.swift */; };
		2737BB59230AE23B007E4C2E /* BasePresenter.swift in Sources */ = {isa = PBXBuildFile; fileRef = 2737BB58230AE23B007E4C2E /* BasePresenter.swift */; };
		2743B34823155E0200960F52 /* AnswerPresenter.swift in Sources */ = {isa = PBXBuildFile; fileRef = 2743B34723155E0200960F52 /* AnswerPresenter.swift */; };
		2778398122E5E108009F5C61 /* AppDelegate.swift in Sources */ = {isa = PBXBuildFile; fileRef = 2778398022E5E108009F5C61 /* AppDelegate.swift */; };
		2778398822E5E109009F5C61 /* Assets.xcassets in Resources */ = {isa = PBXBuildFile; fileRef = 2778398722E5E109009F5C61 /* Assets.xcassets */; };
		2778398B22E5E109009F5C61 /* LaunchScreen.storyboard in Resources */ = {isa = PBXBuildFile; fileRef = 2778398922E5E109009F5C61 /* LaunchScreen.storyboard */; };
		2778399622E5E109009F5C61 /* partytion_appTests.swift in Sources */ = {isa = PBXBuildFile; fileRef = 2778399522E5E109009F5C61 /* partytion_appTests.swift */; };
		277839A122E5E109009F5C61 /* partytion_appUITests.swift in Sources */ = {isa = PBXBuildFile; fileRef = 277839A022E5E109009F5C61 /* partytion_appUITests.swift */; };
		27CEAAEB22F99CE9004C864B /* QuestionViewController.swift in Sources */ = {isa = PBXBuildFile; fileRef = 27CEAAEA22F99CE9004C864B /* QuestionViewController.swift */; };
		27CEAAED22F99D05004C864B /* QuestionScreen.storyboard in Resources */ = {isa = PBXBuildFile; fileRef = 27CEAAEC22F99D05004C864B /* QuestionScreen.storyboard */; };
		27CEAAEF22F9A324004C864B /* AnswerViewController.swift in Sources */ = {isa = PBXBuildFile; fileRef = 27CEAAEE22F9A324004C864B /* AnswerViewController.swift */; };
		27CEAAF122F9A338004C864B /* AnswerScreen.storyboard in Resources */ = {isa = PBXBuildFile; fileRef = 27CEAAF022F9A338004C864B /* AnswerScreen.storyboard */; };
		27ECB878231A30B5003AC9E1 /* ResultPresenter.swift in Sources */ = {isa = PBXBuildFile; fileRef = 27ECB877231A30B5003AC9E1 /* ResultPresenter.swift */; };
		43323334231B5291004252E4 /* SplashPresenter.swift in Sources */ = {isa = PBXBuildFile; fileRef = 43323333231B5291004252E4 /* SplashPresenter.swift */; };
		435E07CA2344C8DE0038D810 /* PlaceHolderTextView.swift in Sources */ = {isa = PBXBuildFile; fileRef = 435E07C92344C8DE0038D810 /* PlaceHolderTextView.swift */; };
		436ACF7B23437FB000F0DC46 /* Oshidashi-M-Gothic.otf in Resources */ = {isa = PBXBuildFile; fileRef = 436ACF7A23437FB000F0DC46 /* Oshidashi-M-Gothic.otf */; };
		4376139D22F9A2340011B4E8 /* HowToViewController.swift in Sources */ = {isa = PBXBuildFile; fileRef = 4376139C22F9A2340011B4E8 /* HowToViewController.swift */; };
		4376139F22F9A33D0011B4E8 /* HowToScreen.storyboard in Resources */ = {isa = PBXBuildFile; fileRef = 4376139E22F9A33D0011B4E8 /* HowToScreen.storyboard */; };
		437613A122F9B2B80011B4E8 /* PlayerViewController.swift in Sources */ = {isa = PBXBuildFile; fileRef = 437613A022F9B2B80011B4E8 /* PlayerViewController.swift */; };
		437613A322F9B3100011B4E8 /* PlayerScreen.storyboard in Resources */ = {isa = PBXBuildFile; fileRef = 437613A222F9B3100011B4E8 /* PlayerScreen.storyboard */; };
		43D5114522FA7D8B00C3D89C /* ResultViewController.swift in Sources */ = {isa = PBXBuildFile; fileRef = 43D5114422FA7D8B00C3D89C /* ResultViewController.swift */; };
		43D5114722FA7DC600C3D89C /* ResultScreen.storyboard in Resources */ = {isa = PBXBuildFile; fileRef = 43D5114622FA7DC600C3D89C /* ResultScreen.storyboard */; };
		43D5114922FA7FF200C3D89C /* Charts.framework in Frameworks */ = {isa = PBXBuildFile; fileRef = 43D5114822FA7FF200C3D89C /* Charts.framework */; };
		43D5114A22FA7FF200C3D89C /* Charts.framework in Embed Frameworks */ = {isa = PBXBuildFile; fileRef = 43D5114822FA7FF200C3D89C /* Charts.framework */; settings = {ATTRIBUTES = (CodeSignOnCopy, RemoveHeadersOnCopy, ); }; };
		BC3AFECF4D63D3A3833968C6 /* Pods_PartytionAppUITests.framework in Frameworks */ = {isa = PBXBuildFile; fileRef = 73722A01798EA4C24A126240 /* Pods_PartytionAppUITests.framework */; };
		C46DEEFE6E8EDEA43254F7D3 /* Pods_PartytionApp.framework in Frameworks */ = {isa = PBXBuildFile; fileRef = C0A78B1CCB8309BE23838FF1 /* Pods_PartytionApp.framework */; };
/* End PBXBuildFile section */

/* Begin PBXContainerItemProxy section */
		2778399222E5E109009F5C61 /* PBXContainerItemProxy */ = {
			isa = PBXContainerItemProxy;
			containerPortal = 2778397522E5E108009F5C61 /* Project object */;
			proxyType = 1;
			remoteGlobalIDString = 2778397C22E5E108009F5C61;
			remoteInfo = "partytion-app";
		};
		2778399D22E5E109009F5C61 /* PBXContainerItemProxy */ = {
			isa = PBXContainerItemProxy;
			containerPortal = 2778397522E5E108009F5C61 /* Project object */;
			proxyType = 1;
			remoteGlobalIDString = 2778397C22E5E108009F5C61;
			remoteInfo = "partytion-app";
		};
/* End PBXContainerItemProxy section */

/* Begin PBXCopyFilesBuildPhase section */
		27264EB022F855D700839EBA /* Embed Frameworks */ = {
			isa = PBXCopyFilesBuildPhase;
			buildActionMask = 2147483647;
			dstPath = "";
			dstSubfolderSpec = 10;
			files = (
				27264EAF22F855D700839EBA /* Lottie.framework in Embed Frameworks */,
				43D5114A22FA7FF200C3D89C /* Charts.framework in Embed Frameworks */,
			);
			name = "Embed Frameworks";
			runOnlyForDeploymentPostprocessing = 0;
		};
/* End PBXCopyFilesBuildPhase section */

/* Begin PBXFileReference section */
		06A63B30507F97D89ABF2744 /* Pods-PartytionAppUITests.release.xcconfig */ = {isa = PBXFileReference; includeInIndex = 1; lastKnownFileType = text.xcconfig; name = "Pods-PartytionAppUITests.release.xcconfig"; path = "Target Support Files/Pods-PartytionAppUITests/Pods-PartytionAppUITests.release.xcconfig"; sourceTree = "<group>"; };
		06C5117F7702EA13985993A7 /* Pods-PartytionApp.release.xcconfig */ = {isa = PBXFileReference; includeInIndex = 1; lastKnownFileType = text.xcconfig; name = "Pods-PartytionApp.release.xcconfig"; path = "Target Support Files/Pods-PartytionApp/Pods-PartytionApp.release.xcconfig"; sourceTree = "<group>"; };
		27264E9C22F8434100839EBA /* SplashViewController.swift */ = {isa = PBXFileReference; lastKnownFileType = sourcecode.swift; path = SplashViewController.swift; sourceTree = "<group>"; };
		27264EA022F844EF00839EBA /* SplashScreen.storyboard */ = {isa = PBXFileReference; lastKnownFileType = file.storyboard; path = SplashScreen.storyboard; sourceTree = "<group>"; };
		27264EA222F84EE400839EBA /* Partytion-Bridging-Header.h */ = {isa = PBXFileReference; lastKnownFileType = sourcecode.c.h; path = "Partytion-Bridging-Header.h"; sourceTree = "<group>"; };
		27264EA322F850DF00839EBA /* BeerBubbles.json */ = {isa = PBXFileReference; fileEncoding = 4; lastKnownFileType = text.json; path = BeerBubbles.json; sourceTree = "<group>"; };
		27264EA722F8521B00839EBA /* Lottie.framework */ = {isa = PBXFileReference; lastKnownFileType = wrapper.framework; name = Lottie.framework; path = Carthage/Build/iOS/Lottie.framework; sourceTree = "<group>"; };
		2736891E230EC842000EC4B5 /* PartytionApp.entitlements */ = {isa = PBXFileReference; lastKnownFileType = text.plist.entitlements; path = PartytionApp.entitlements; sourceTree = "<group>"; };
		2736892A230ECBE4000EC4B5 /* PartytionDB.xcdatamodel */ = {isa = PBXFileReference; lastKnownFileType = wrapper.xcdatamodel; path = PartytionDB.xcdatamodel; sourceTree = "<group>"; };
		2736892E230ED516000EC4B5 /* DateFormatter.swift */ = {isa = PBXFileReference; lastKnownFileType = sourcecode.swift; path = DateFormatter.swift; sourceTree = "<group>"; };
		2737BB56230AD562007E4C2E /* QuestionPresenter.swift */ = {isa = PBXFileReference; lastKnownFileType = sourcecode.swift; path = QuestionPresenter.swift; sourceTree = "<group>"; };
		2737BB58230AE23B007E4C2E /* BasePresenter.swift */ = {isa = PBXFileReference; lastKnownFileType = sourcecode.swift; path = BasePresenter.swift; sourceTree = "<group>"; };
		2743B34723155E0200960F52 /* AnswerPresenter.swift */ = {isa = PBXFileReference; lastKnownFileType = sourcecode.swift; path = AnswerPresenter.swift; sourceTree = "<group>"; };
		2778397D22E5E108009F5C61 /* PartytionApp.app */ = {isa = PBXFileReference; explicitFileType = wrapper.application; includeInIndex = 0; path = PartytionApp.app; sourceTree = BUILT_PRODUCTS_DIR; };
		2778398022E5E108009F5C61 /* AppDelegate.swift */ = {isa = PBXFileReference; fileEncoding = 4; lastKnownFileType = sourcecode.swift; path = AppDelegate.swift; sourceTree = "<group>"; };
		2778398722E5E109009F5C61 /* Assets.xcassets */ = {isa = PBXFileReference; lastKnownFileType = folder.assetcatalog; path = Assets.xcassets; sourceTree = "<group>"; };
		2778398A22E5E109009F5C61 /* Base */ = {isa = PBXFileReference; lastKnownFileType = file.storyboard; name = Base; path = Base.lproj/LaunchScreen.storyboard; sourceTree = "<group>"; };
		2778398C22E5E109009F5C61 /* Info.plist */ = {isa = PBXFileReference; lastKnownFileType = text.plist.xml; path = Info.plist; sourceTree = "<group>"; };
		2778399122E5E109009F5C61 /* PartytionAppTests.xctest */ = {isa = PBXFileReference; explicitFileType = wrapper.cfbundle; includeInIndex = 0; path = PartytionAppTests.xctest; sourceTree = BUILT_PRODUCTS_DIR; };
		2778399522E5E109009F5C61 /* partytion_appTests.swift */ = {isa = PBXFileReference; lastKnownFileType = sourcecode.swift; path = partytion_appTests.swift; sourceTree = "<group>"; };
		2778399722E5E109009F5C61 /* Info.plist */ = {isa = PBXFileReference; lastKnownFileType = text.plist.xml; path = Info.plist; sourceTree = "<group>"; };
		2778399C22E5E109009F5C61 /* PartytionAppUITests.xctest */ = {isa = PBXFileReference; explicitFileType = wrapper.cfbundle; includeInIndex = 0; path = PartytionAppUITests.xctest; sourceTree = BUILT_PRODUCTS_DIR; };
		277839A022E5E109009F5C61 /* partytion_appUITests.swift */ = {isa = PBXFileReference; lastKnownFileType = sourcecode.swift; path = partytion_appUITests.swift; sourceTree = "<group>"; };
		277839A222E5E109009F5C61 /* Info.plist */ = {isa = PBXFileReference; lastKnownFileType = text.plist.xml; path = Info.plist; sourceTree = "<group>"; };
		27CEAAEA22F99CE9004C864B /* QuestionViewController.swift */ = {isa = PBXFileReference; lastKnownFileType = sourcecode.swift; path = QuestionViewController.swift; sourceTree = "<group>"; };
		27CEAAEC22F99D05004C864B /* QuestionScreen.storyboard */ = {isa = PBXFileReference; lastKnownFileType = file.storyboard; path = QuestionScreen.storyboard; sourceTree = "<group>"; };
		27CEAAEE22F9A324004C864B /* AnswerViewController.swift */ = {isa = PBXFileReference; lastKnownFileType = sourcecode.swift; path = AnswerViewController.swift; sourceTree = "<group>"; };
		27CEAAF022F9A338004C864B /* AnswerScreen.storyboard */ = {isa = PBXFileReference; lastKnownFileType = file.storyboard; path = AnswerScreen.storyboard; sourceTree = "<group>"; };
		27ECB877231A30B5003AC9E1 /* ResultPresenter.swift */ = {isa = PBXFileReference; lastKnownFileType = sourcecode.swift; path = ResultPresenter.swift; sourceTree = "<group>"; };
		30C2F3056C94BB5463594BCF /* Pods-PartytionAppTests.debug.xcconfig */ = {isa = PBXFileReference; includeInIndex = 1; lastKnownFileType = text.xcconfig; name = "Pods-PartytionAppTests.debug.xcconfig"; path = "Target Support Files/Pods-PartytionAppTests/Pods-PartytionAppTests.debug.xcconfig"; sourceTree = "<group>"; };
		38A7B04F94E69DC71695CE08 /* Pods-PartytionAppUITests.debug.xcconfig */ = {isa = PBXFileReference; includeInIndex = 1; lastKnownFileType = text.xcconfig; name = "Pods-PartytionAppUITests.debug.xcconfig"; path = "Target Support Files/Pods-PartytionAppUITests/Pods-PartytionAppUITests.debug.xcconfig"; sourceTree = "<group>"; };
		39912F1908118FA314359A1F /* Pods-PartytionApp.debug.xcconfig */ = {isa = PBXFileReference; includeInIndex = 1; lastKnownFileType = text.xcconfig; name = "Pods-PartytionApp.debug.xcconfig"; path = "Target Support Files/Pods-PartytionApp/Pods-PartytionApp.debug.xcconfig"; sourceTree = "<group>"; };
		43323333231B5291004252E4 /* SplashPresenter.swift */ = {isa = PBXFileReference; lastKnownFileType = sourcecode.swift; path = SplashPresenter.swift; sourceTree = "<group>"; };
		435E07C92344C8DE0038D810 /* PlaceHolderTextView.swift */ = {isa = PBXFileReference; fileEncoding = 4; lastKnownFileType = sourcecode.swift; path = PlaceHolderTextView.swift; sourceTree = "<group>"; };
		436ACF7A23437FB000F0DC46 /* Oshidashi-M-Gothic.otf */ = {isa = PBXFileReference; lastKnownFileType = file; path = "Oshidashi-M-Gothic.otf"; sourceTree = "<group>"; };
		4376139C22F9A2340011B4E8 /* HowToViewController.swift */ = {isa = PBXFileReference; lastKnownFileType = sourcecode.swift; path = HowToViewController.swift; sourceTree = "<group>"; };
		4376139E22F9A33D0011B4E8 /* HowToScreen.storyboard */ = {isa = PBXFileReference; lastKnownFileType = file.storyboard; path = HowToScreen.storyboard; sourceTree = "<group>"; };
		437613A022F9B2B80011B4E8 /* PlayerViewController.swift */ = {isa = PBXFileReference; lastKnownFileType = sourcecode.swift; path = PlayerViewController.swift; sourceTree = "<group>"; };
		437613A222F9B3100011B4E8 /* PlayerScreen.storyboard */ = {isa = PBXFileReference; lastKnownFileType = file.storyboard; path = PlayerScreen.storyboard; sourceTree = "<group>"; };
		43D5114422FA7D8B00C3D89C /* ResultViewController.swift */ = {isa = PBXFileReference; lastKnownFileType = sourcecode.swift; path = ResultViewController.swift; sourceTree = "<group>"; };
		43D5114622FA7DC600C3D89C /* ResultScreen.storyboard */ = {isa = PBXFileReference; lastKnownFileType = file.storyboard; path = ResultScreen.storyboard; sourceTree = "<group>"; };
		43D5114822FA7FF200C3D89C /* Charts.framework */ = {isa = PBXFileReference; lastKnownFileType = wrapper.framework; name = Charts.framework; path = Carthage/Build/iOS/Charts.framework; sourceTree = "<group>"; };
		73722A01798EA4C24A126240 /* Pods_PartytionAppUITests.framework */ = {isa = PBXFileReference; explicitFileType = wrapper.framework; includeInIndex = 0; path = Pods_PartytionAppUITests.framework; sourceTree = BUILT_PRODUCTS_DIR; };
		C0A78B1CCB8309BE23838FF1 /* Pods_PartytionApp.framework */ = {isa = PBXFileReference; explicitFileType = wrapper.framework; includeInIndex = 0; path = Pods_PartytionApp.framework; sourceTree = BUILT_PRODUCTS_DIR; };
		C37DE46CA75693220B9D24F0 /* Pods-PartytionAppTests.release.xcconfig */ = {isa = PBXFileReference; includeInIndex = 1; lastKnownFileType = text.xcconfig; name = "Pods-PartytionAppTests.release.xcconfig"; path = "Target Support Files/Pods-PartytionAppTests/Pods-PartytionAppTests.release.xcconfig"; sourceTree = "<group>"; };
		FC524F970F6258EFA7CDED58 /* Pods_PartytionAppTests.framework */ = {isa = PBXFileReference; explicitFileType = wrapper.framework; includeInIndex = 0; path = Pods_PartytionAppTests.framework; sourceTree = BUILT_PRODUCTS_DIR; };
/* End PBXFileReference section */

/* Begin PBXFrameworksBuildPhase section */
		2778397A22E5E108009F5C61 /* Frameworks */ = {
			isa = PBXFrameworksBuildPhase;
			buildActionMask = 2147483647;
			files = (
				27264EAC22F8533800839EBA /* Lottie.framework in Frameworks */,
				43D5114922FA7FF200C3D89C /* Charts.framework in Frameworks */,
				C46DEEFE6E8EDEA43254F7D3 /* Pods_PartytionApp.framework in Frameworks */,
			);
			runOnlyForDeploymentPostprocessing = 0;
		};
		2778398E22E5E109009F5C61 /* Frameworks */ = {
			isa = PBXFrameworksBuildPhase;
			buildActionMask = 2147483647;
			files = (
				03691879A41138B75228581D /* Pods_PartytionAppTests.framework in Frameworks */,
			);
			runOnlyForDeploymentPostprocessing = 0;
		};
		2778399922E5E109009F5C61 /* Frameworks */ = {
			isa = PBXFrameworksBuildPhase;
			buildActionMask = 2147483647;
			files = (
				BC3AFECF4D63D3A3833968C6 /* Pods_PartytionAppUITests.framework in Frameworks */,
			);
			runOnlyForDeploymentPostprocessing = 0;
		};
/* End PBXFrameworksBuildPhase section */

/* Begin PBXGroup section */
		27264E9922F83FE100839EBA /* Presentation */ = {
			isa = PBXGroup;
			children = (
				435E07C82344C8DE0038D810 /* Component */,
				27264E9B22F840FB00839EBA /* Presenter */,
				27264E9A22F840E700839EBA /* View */,
			);
			path = Presentation;
			sourceTree = "<group>";
		};
		27264E9A22F840E700839EBA /* View */ = {
			isa = PBXGroup;
			children = (
				27264E9C22F8434100839EBA /* SplashViewController.swift */,
				27264EA022F844EF00839EBA /* SplashScreen.storyboard */,
				4376139C22F9A2340011B4E8 /* HowToViewController.swift */,
				4376139E22F9A33D0011B4E8 /* HowToScreen.storyboard */,
				437613A022F9B2B80011B4E8 /* PlayerViewController.swift */,
				437613A222F9B3100011B4E8 /* PlayerScreen.storyboard */,
				27CEAAEA22F99CE9004C864B /* QuestionViewController.swift */,
				27CEAAEC22F99D05004C864B /* QuestionScreen.storyboard */,
				27CEAAEE22F9A324004C864B /* AnswerViewController.swift */,
				27CEAAF022F9A338004C864B /* AnswerScreen.storyboard */,
				43D5114422FA7D8B00C3D89C /* ResultViewController.swift */,
				43D5114622FA7DC600C3D89C /* ResultScreen.storyboard */,
			);
			path = View;
			sourceTree = "<group>";
		};
		27264E9B22F840FB00839EBA /* Presenter */ = {
			isa = PBXGroup;
			children = (
				2737BB56230AD562007E4C2E /* QuestionPresenter.swift */,
				2737BB58230AE23B007E4C2E /* BasePresenter.swift */,
				2743B34723155E0200960F52 /* AnswerPresenter.swift */,
				27ECB877231A30B5003AC9E1 /* ResultPresenter.swift */,
				43323333231B5291004252E4 /* SplashPresenter.swift */,
			);
			path = Presenter;
			sourceTree = "<group>";
		};
		27264EA522F850E600839EBA /* assets */ = {
			isa = PBXGroup;
			children = (
				436ACF7A23437FB000F0DC46 /* Oshidashi-M-Gothic.otf */,
				27264EA322F850DF00839EBA /* BeerBubbles.json */,
			);
			path = assets;
			sourceTree = "<group>";
		};
		27264EA622F8521A00839EBA /* Frameworks */ = {
			isa = PBXGroup;
			children = (
				27264EA722F8521B00839EBA /* Lottie.framework */,
				C0A78B1CCB8309BE23838FF1 /* Pods_PartytionApp.framework */,
				FC524F970F6258EFA7CDED58 /* Pods_PartytionAppTests.framework */,
				73722A01798EA4C24A126240 /* Pods_PartytionAppUITests.framework */,
			);
			name = Frameworks;
			sourceTree = "<group>";
		};
		2736891F230EC9D8000EC4B5 /* Entity */ = {
			isa = PBXGroup;
			children = (
				27368929230ECBE4000EC4B5 /* PartytionDB.xcdatamodeld */,
			);
			path = Entity;
			sourceTree = "<group>";
		};
		2736892D230ED4F9000EC4B5 /* Utils */ = {
			isa = PBXGroup;
			children = (
				2736892E230ED516000EC4B5 /* DateFormatter.swift */,
			);
			path = Utils;
			sourceTree = "<group>";
		};
		2778397422E5E108009F5C61 = {
			isa = PBXGroup;
			children = (
				43D5114822FA7FF200C3D89C /* Charts.framework */,
				27264EA222F84EE400839EBA /* Partytion-Bridging-Header.h */,
				2778397F22E5E108009F5C61 /* PartytionApp */,
				2778399422E5E109009F5C61 /* PartytionAppTests */,
				2778399F22E5E109009F5C61 /* PartytionAppUITests */,
				2778397E22E5E108009F5C61 /* Products */,
				27264EA622F8521A00839EBA /* Frameworks */,
				5A1554849A4039538D97A35B /* Pods */,
			);
			sourceTree = "<group>";
		};
		2778397E22E5E108009F5C61 /* Products */ = {
			isa = PBXGroup;
			children = (
				2778397D22E5E108009F5C61 /* PartytionApp.app */,
				2778399122E5E109009F5C61 /* PartytionAppTests.xctest */,
				2778399C22E5E109009F5C61 /* PartytionAppUITests.xctest */,
			);
			name = Products;
			sourceTree = "<group>";
		};
		2778397F22E5E108009F5C61 /* PartytionApp */ = {
			isa = PBXGroup;
			children = (
				2736892D230ED4F9000EC4B5 /* Utils */,
				2736891F230EC9D8000EC4B5 /* Entity */,
				2736891E230EC842000EC4B5 /* PartytionApp.entitlements */,
				27264EA522F850E600839EBA /* assets */,
				2778398022E5E108009F5C61 /* AppDelegate.swift */,
				27264E9922F83FE100839EBA /* Presentation */,
				2778398722E5E109009F5C61 /* Assets.xcassets */,
				2778398922E5E109009F5C61 /* LaunchScreen.storyboard */,
				2778398C22E5E109009F5C61 /* Info.plist */,
			);
			path = PartytionApp;
			sourceTree = "<group>";
		};
		2778399422E5E109009F5C61 /* PartytionAppTests */ = {
			isa = PBXGroup;
			children = (
				2778399522E5E109009F5C61 /* partytion_appTests.swift */,
				2778399722E5E109009F5C61 /* Info.plist */,
			);
			path = PartytionAppTests;
			sourceTree = "<group>";
		};
		2778399F22E5E109009F5C61 /* PartytionAppUITests */ = {
			isa = PBXGroup;
			children = (
				277839A022E5E109009F5C61 /* partytion_appUITests.swift */,
				277839A222E5E109009F5C61 /* Info.plist */,
			);
			path = PartytionAppUITests;
			sourceTree = "<group>";
		};
		435E07C82344C8DE0038D810 /* Component */ = {
			isa = PBXGroup;
			children = (
				435E07C92344C8DE0038D810 /* PlaceHolderTextView.swift */,
			);
			path = Component;
			sourceTree = "<group>";
		};
		5A1554849A4039538D97A35B /* Pods */ = {
			isa = PBXGroup;
			children = (
				39912F1908118FA314359A1F /* Pods-PartytionApp.debug.xcconfig */,
				06C5117F7702EA13985993A7 /* Pods-PartytionApp.release.xcconfig */,
				30C2F3056C94BB5463594BCF /* Pods-PartytionAppTests.debug.xcconfig */,
				C37DE46CA75693220B9D24F0 /* Pods-PartytionAppTests.release.xcconfig */,
				38A7B04F94E69DC71695CE08 /* Pods-PartytionAppUITests.debug.xcconfig */,
				06A63B30507F97D89ABF2744 /* Pods-PartytionAppUITests.release.xcconfig */,
			);
			path = Pods;
			sourceTree = "<group>";
		};
/* End PBXGroup section */

/* Begin PBXNativeTarget section */
		2778397C22E5E108009F5C61 /* PartytionApp */ = {
			isa = PBXNativeTarget;
			buildConfigurationList = 277839A522E5E109009F5C61 /* Build configuration list for PBXNativeTarget "PartytionApp" */;
			buildPhases = (
				8F5C524708ADDF6BC34C35D4 /* [CP] Check Pods Manifest.lock */,
				2778397922E5E108009F5C61 /* Sources */,
				2778397A22E5E108009F5C61 /* Frameworks */,
				2778397B22E5E108009F5C61 /* Resources */,
				27264EB022F855D700839EBA /* Embed Frameworks */,
				43D5114B22FA819E00C3D89C /* ShellScript */,
				D5FF0862A104D1C73E1BC19E /* [CP] Embed Pods Frameworks */,
			);
			buildRules = (
			);
			dependencies = (
			);
			name = PartytionApp;
			productName = "partytion-app";
			productReference = 2778397D22E5E108009F5C61 /* PartytionApp.app */;
			productType = "com.apple.product-type.application";
		};
		2778399022E5E109009F5C61 /* PartytionAppTests */ = {
			isa = PBXNativeTarget;
			buildConfigurationList = 277839A822E5E109009F5C61 /* Build configuration list for PBXNativeTarget "PartytionAppTests" */;
			buildPhases = (
				61E5302DADB6EE7DBB75DB1B /* [CP] Check Pods Manifest.lock */,
				2778398D22E5E109009F5C61 /* Sources */,
				2778398E22E5E109009F5C61 /* Frameworks */,
				2778398F22E5E109009F5C61 /* Resources */,
			);
			buildRules = (
			);
			dependencies = (
				2778399322E5E109009F5C61 /* PBXTargetDependency */,
			);
			name = PartytionAppTests;
			productName = "partytion-appTests";
			productReference = 2778399122E5E109009F5C61 /* PartytionAppTests.xctest */;
			productType = "com.apple.product-type.bundle.unit-test";
		};
		2778399B22E5E109009F5C61 /* PartytionAppUITests */ = {
			isa = PBXNativeTarget;
			buildConfigurationList = 277839AB22E5E109009F5C61 /* Build configuration list for PBXNativeTarget "PartytionAppUITests" */;
			buildPhases = (
				4C80E0519E790F1C98F05C45 /* [CP] Check Pods Manifest.lock */,
				2778399822E5E109009F5C61 /* Sources */,
				2778399922E5E109009F5C61 /* Frameworks */,
				2778399A22E5E109009F5C61 /* Resources */,
			);
			buildRules = (
			);
			dependencies = (
				2778399E22E5E109009F5C61 /* PBXTargetDependency */,
			);
			name = PartytionAppUITests;
			productName = "partytion-appUITests";
			productReference = 2778399C22E5E109009F5C61 /* PartytionAppUITests.xctest */;
			productType = "com.apple.product-type.bundle.ui-testing";
		};
/* End PBXNativeTarget section */

/* Begin PBXProject section */
		2778397522E5E108009F5C61 /* Project object */ = {
			isa = PBXProject;
			attributes = {
				LastSwiftUpdateCheck = 1020;
				LastUpgradeCheck = 1020;
				ORGANIZATIONNAME = naruhiyo;
				TargetAttributes = {
					2778397C22E5E108009F5C61 = {
						CreatedOnToolsVersion = 10.2.1;
						SystemCapabilities = {
							com.apple.Siri = {
								enabled = 0;
							};
						};
					};
					2778399022E5E109009F5C61 = {
						CreatedOnToolsVersion = 10.2.1;
						TestTargetID = 2778397C22E5E108009F5C61;
					};
					2778399B22E5E109009F5C61 = {
						CreatedOnToolsVersion = 10.2.1;
						TestTargetID = 2778397C22E5E108009F5C61;
					};
				};
			};
			buildConfigurationList = 2778397822E5E108009F5C61 /* Build configuration list for PBXProject "PartytionApp" */;
			compatibilityVersion = "Xcode 9.3";
			developmentRegion = en;
			hasScannedForEncodings = 0;
			knownRegions = (
				en,
				Base,
			);
			mainGroup = 2778397422E5E108009F5C61;
			productRefGroup = 2778397E22E5E108009F5C61 /* Products */;
			projectDirPath = "";
			projectRoot = "";
			targets = (
				2778397C22E5E108009F5C61 /* PartytionApp */,
				2778399022E5E109009F5C61 /* PartytionAppTests */,
				2778399B22E5E109009F5C61 /* PartytionAppUITests */,
			);
		};
/* End PBXProject section */

/* Begin PBXResourcesBuildPhase section */
		2778397B22E5E108009F5C61 /* Resources */ = {
			isa = PBXResourcesBuildPhase;
			buildActionMask = 2147483647;
			files = (
				27264EAD22F854AA00839EBA /* Lottie.framework in Resources */,
				43D5114722FA7DC600C3D89C /* ResultScreen.storyboard in Resources */,
				2778398B22E5E109009F5C61 /* LaunchScreen.storyboard in Resources */,
				2778398822E5E109009F5C61 /* Assets.xcassets in Resources */,
				436ACF7B23437FB000F0DC46 /* Oshidashi-M-Gothic.otf in Resources */,
				437613A322F9B3100011B4E8 /* PlayerScreen.storyboard in Resources */,
				27264EA422F850DF00839EBA /* BeerBubbles.json in Resources */,
				27264EA122F844EF00839EBA /* SplashScreen.storyboard in Resources */,
				4376139F22F9A33D0011B4E8 /* HowToScreen.storyboard in Resources */,
				27CEAAED22F99D05004C864B /* QuestionScreen.storyboard in Resources */,
				27CEAAF122F9A338004C864B /* AnswerScreen.storyboard in Resources */,
			);
			runOnlyForDeploymentPostprocessing = 0;
		};
		2778398F22E5E109009F5C61 /* Resources */ = {
			isa = PBXResourcesBuildPhase;
			buildActionMask = 2147483647;
			files = (
			);
			runOnlyForDeploymentPostprocessing = 0;
		};
		2778399A22E5E109009F5C61 /* Resources */ = {
			isa = PBXResourcesBuildPhase;
			buildActionMask = 2147483647;
			files = (
			);
			runOnlyForDeploymentPostprocessing = 0;
		};
/* End PBXResourcesBuildPhase section */

/* Begin PBXShellScriptBuildPhase section */
		43D5114B22FA819E00C3D89C /* ShellScript */ = {
			isa = PBXShellScriptBuildPhase;
			buildActionMask = 2147483647;
			files = (
			);
			inputFileListPaths = (
			);
			inputPaths = (
				"$(SRCROOT)/Carthage/Build/iOS/Charts.framework",
			);
			outputFileListPaths = (
			);
			outputPaths = (
			);
			runOnlyForDeploymentPostprocessing = 0;
			shellPath = /bin/sh;
			shellScript = "/usr/local/bin/carthage copy-frameworks\n";
		};
		4C80E0519E790F1C98F05C45 /* [CP] Check Pods Manifest.lock */ = {
			isa = PBXShellScriptBuildPhase;
			buildActionMask = 2147483647;
			files = (
			);
			inputFileListPaths = (
			);
			inputPaths = (
				"${PODS_PODFILE_DIR_PATH}/Podfile.lock",
				"${PODS_ROOT}/Manifest.lock",
			);
			name = "[CP] Check Pods Manifest.lock";
			outputFileListPaths = (
			);
			outputPaths = (
				"$(DERIVED_FILE_DIR)/Pods-PartytionAppUITests-checkManifestLockResult.txt",
			);
			runOnlyForDeploymentPostprocessing = 0;
			shellPath = /bin/sh;
			shellScript = "diff \"${PODS_PODFILE_DIR_PATH}/Podfile.lock\" \"${PODS_ROOT}/Manifest.lock\" > /dev/null\nif [ $? != 0 ] ; then\n    # print error to STDERR\n    echo \"error: The sandbox is not in sync with the Podfile.lock. Run 'pod install' or update your CocoaPods installation.\" >&2\n    exit 1\nfi\n# This output is used by Xcode 'outputs' to avoid re-running this script phase.\necho \"SUCCESS\" > \"${SCRIPT_OUTPUT_FILE_0}\"\n";
			showEnvVarsInLog = 0;
		};
		61E5302DADB6EE7DBB75DB1B /* [CP] Check Pods Manifest.lock */ = {
			isa = PBXShellScriptBuildPhase;
			buildActionMask = 2147483647;
			files = (
			);
			inputFileListPaths = (
			);
			inputPaths = (
				"${PODS_PODFILE_DIR_PATH}/Podfile.lock",
				"${PODS_ROOT}/Manifest.lock",
			);
			name = "[CP] Check Pods Manifest.lock";
			outputFileListPaths = (
			);
			outputPaths = (
				"$(DERIVED_FILE_DIR)/Pods-PartytionAppTests-checkManifestLockResult.txt",
			);
			runOnlyForDeploymentPostprocessing = 0;
			shellPath = /bin/sh;
			shellScript = "diff \"${PODS_PODFILE_DIR_PATH}/Podfile.lock\" \"${PODS_ROOT}/Manifest.lock\" > /dev/null\nif [ $? != 0 ] ; then\n    # print error to STDERR\n    echo \"error: The sandbox is not in sync with the Podfile.lock. Run 'pod install' or update your CocoaPods installation.\" >&2\n    exit 1\nfi\n# This output is used by Xcode 'outputs' to avoid re-running this script phase.\necho \"SUCCESS\" > \"${SCRIPT_OUTPUT_FILE_0}\"\n";
			showEnvVarsInLog = 0;
		};
		8F5C524708ADDF6BC34C35D4 /* [CP] Check Pods Manifest.lock */ = {
			isa = PBXShellScriptBuildPhase;
			buildActionMask = 2147483647;
			files = (
			);
			inputFileListPaths = (
			);
			inputPaths = (
				"${PODS_PODFILE_DIR_PATH}/Podfile.lock",
				"${PODS_ROOT}/Manifest.lock",
			);
			name = "[CP] Check Pods Manifest.lock";
			outputFileListPaths = (
			);
			outputPaths = (
				"$(DERIVED_FILE_DIR)/Pods-PartytionApp-checkManifestLockResult.txt",
			);
			runOnlyForDeploymentPostprocessing = 0;
			shellPath = /bin/sh;
			shellScript = "diff \"${PODS_PODFILE_DIR_PATH}/Podfile.lock\" \"${PODS_ROOT}/Manifest.lock\" > /dev/null\nif [ $? != 0 ] ; then\n    # print error to STDERR\n    echo \"error: The sandbox is not in sync with the Podfile.lock. Run 'pod install' or update your CocoaPods installation.\" >&2\n    exit 1\nfi\n# This output is used by Xcode 'outputs' to avoid re-running this script phase.\necho \"SUCCESS\" > \"${SCRIPT_OUTPUT_FILE_0}\"\n";
			showEnvVarsInLog = 0;
		};
		D5FF0862A104D1C73E1BC19E /* [CP] Embed Pods Frameworks */ = {
			isa = PBXShellScriptBuildPhase;
			buildActionMask = 2147483647;
			files = (
			);
			inputFileListPaths = (
				"${PODS_ROOT}/Target Support Files/Pods-PartytionApp/Pods-PartytionApp-frameworks-${CONFIGURATION}-input-files.xcfilelist",
			);
			name = "[CP] Embed Pods Frameworks";
			outputFileListPaths = (
				"${PODS_ROOT}/Target Support Files/Pods-PartytionApp/Pods-PartytionApp-frameworks-${CONFIGURATION}-output-files.xcfilelist",
			);
			runOnlyForDeploymentPostprocessing = 0;
			shellPath = /bin/sh;
			shellScript = "\"${PODS_ROOT}/Target Support Files/Pods-PartytionApp/Pods-PartytionApp-frameworks.sh\"\n";
			showEnvVarsInLog = 0;
		};
/* End PBXShellScriptBuildPhase section */

/* Begin PBXSourcesBuildPhase section */
		2778397922E5E108009F5C61 /* Sources */ = {
			isa = PBXSourcesBuildPhase;
			buildActionMask = 2147483647;
			files = (
				27ECB878231A30B5003AC9E1 /* ResultPresenter.swift in Sources */,
				43323334231B5291004252E4 /* SplashPresenter.swift in Sources */,
				4376139D22F9A2340011B4E8 /* HowToViewController.swift in Sources */,
				2737BB59230AE23B007E4C2E /* BasePresenter.swift in Sources */,
				435E07CA2344C8DE0038D810 /* PlaceHolderTextView.swift in Sources */,
				27264E9D22F8434100839EBA /* SplashViewController.swift in Sources */,
				2737BB57230AD562007E4C2E /* QuestionPresenter.swift in Sources */,
				2743B34823155E0200960F52 /* AnswerPresenter.swift in Sources */,
				27CEAAEF22F9A324004C864B /* AnswerViewController.swift in Sources */,
				2736892F230ED516000EC4B5 /* DateFormatter.swift in Sources */,
				2736892B230ECBE4000EC4B5 /* PartytionDB.xcdatamodeld in Sources */,
				27CEAAEB22F99CE9004C864B /* QuestionViewController.swift in Sources */,
				2778398122E5E108009F5C61 /* AppDelegate.swift in Sources */,
				437613A122F9B2B80011B4E8 /* PlayerViewController.swift in Sources */,
				43D5114522FA7D8B00C3D89C /* ResultViewController.swift in Sources */,
			);
			runOnlyForDeploymentPostprocessing = 0;
		};
		2778398D22E5E109009F5C61 /* Sources */ = {
			isa = PBXSourcesBuildPhase;
			buildActionMask = 2147483647;
			files = (
				2778399622E5E109009F5C61 /* partytion_appTests.swift in Sources */,
			);
			runOnlyForDeploymentPostprocessing = 0;
		};
		2778399822E5E109009F5C61 /* Sources */ = {
			isa = PBXSourcesBuildPhase;
			buildActionMask = 2147483647;
			files = (
				277839A122E5E109009F5C61 /* partytion_appUITests.swift in Sources */,
			);
			runOnlyForDeploymentPostprocessing = 0;
		};
/* End PBXSourcesBuildPhase section */

/* Begin PBXTargetDependency section */
		2778399322E5E109009F5C61 /* PBXTargetDependency */ = {
			isa = PBXTargetDependency;
			target = 2778397C22E5E108009F5C61 /* PartytionApp */;
			targetProxy = 2778399222E5E109009F5C61 /* PBXContainerItemProxy */;
		};
		2778399E22E5E109009F5C61 /* PBXTargetDependency */ = {
			isa = PBXTargetDependency;
			target = 2778397C22E5E108009F5C61 /* PartytionApp */;
			targetProxy = 2778399D22E5E109009F5C61 /* PBXContainerItemProxy */;
		};
/* End PBXTargetDependency section */

/* Begin PBXVariantGroup section */
		2778398922E5E109009F5C61 /* LaunchScreen.storyboard */ = {
			isa = PBXVariantGroup;
			children = (
				2778398A22E5E109009F5C61 /* Base */,
			);
			name = LaunchScreen.storyboard;
			sourceTree = "<group>";
		};
/* End PBXVariantGroup section */

/* Begin XCBuildConfiguration section */
		277839A322E5E109009F5C61 /* Debug */ = {
			isa = XCBuildConfiguration;
			buildSettings = {
				ALWAYS_SEARCH_USER_PATHS = NO;
				CLANG_ANALYZER_NONNULL = YES;
				CLANG_ANALYZER_NUMBER_OBJECT_CONVERSION = YES_AGGRESSIVE;
				CLANG_CXX_LANGUAGE_STANDARD = "gnu++14";
				CLANG_CXX_LIBRARY = "libc++";
				CLANG_ENABLE_MODULES = YES;
				CLANG_ENABLE_OBJC_ARC = YES;
				CLANG_ENABLE_OBJC_WEAK = YES;
				CLANG_WARN_BLOCK_CAPTURE_AUTORELEASING = YES;
				CLANG_WARN_BOOL_CONVERSION = YES;
				CLANG_WARN_COMMA = YES;
				CLANG_WARN_CONSTANT_CONVERSION = YES;
				CLANG_WARN_DEPRECATED_OBJC_IMPLEMENTATIONS = YES;
				CLANG_WARN_DIRECT_OBJC_ISA_USAGE = YES_ERROR;
				CLANG_WARN_DOCUMENTATION_COMMENTS = YES;
				CLANG_WARN_EMPTY_BODY = YES;
				CLANG_WARN_ENUM_CONVERSION = YES;
				CLANG_WARN_INFINITE_RECURSION = YES;
				CLANG_WARN_INT_CONVERSION = YES;
				CLANG_WARN_NON_LITERAL_NULL_CONVERSION = YES;
				CLANG_WARN_OBJC_IMPLICIT_RETAIN_SELF = YES;
				CLANG_WARN_OBJC_LITERAL_CONVERSION = YES;
				CLANG_WARN_OBJC_ROOT_CLASS = YES_ERROR;
				CLANG_WARN_RANGE_LOOP_ANALYSIS = YES;
				CLANG_WARN_STRICT_PROTOTYPES = YES;
				CLANG_WARN_SUSPICIOUS_MOVE = YES;
				CLANG_WARN_UNGUARDED_AVAILABILITY = YES_AGGRESSIVE;
				CLANG_WARN_UNREACHABLE_CODE = YES;
				CLANG_WARN__DUPLICATE_METHOD_MATCH = YES;
				CODE_SIGN_IDENTITY = "iPhone Developer";
				COPY_PHASE_STRIP = NO;
				DEBUG_INFORMATION_FORMAT = dwarf;
				DEFINES_MODULE = YES;
				ENABLE_STRICT_OBJC_MSGSEND = YES;
				ENABLE_TESTABILITY = YES;
				GCC_C_LANGUAGE_STANDARD = gnu11;
				GCC_DYNAMIC_NO_PIC = NO;
				GCC_NO_COMMON_BLOCKS = YES;
				GCC_OPTIMIZATION_LEVEL = 0;
				GCC_PREPROCESSOR_DEFINITIONS = (
					"DEBUG=1",
					"$(inherited)",
				);
				GCC_WARN_64_TO_32_BIT_CONVERSION = YES;
				GCC_WARN_ABOUT_RETURN_TYPE = YES_ERROR;
				GCC_WARN_UNDECLARED_SELECTOR = YES;
				GCC_WARN_UNINITIALIZED_AUTOS = YES_AGGRESSIVE;
				GCC_WARN_UNUSED_FUNCTION = YES;
				GCC_WARN_UNUSED_VARIABLE = YES;
				IPHONEOS_DEPLOYMENT_TARGET = 12.2;
				MTL_ENABLE_DEBUG_INFO = INCLUDE_SOURCE;
				MTL_FAST_MATH = YES;
				ONLY_ACTIVE_ARCH = YES;
				SDKROOT = iphoneos;
				SWIFT_ACTIVE_COMPILATION_CONDITIONS = DEBUG;
				SWIFT_OPTIMIZATION_LEVEL = "-Onone";
			};
			name = Debug;
		};
		277839A422E5E109009F5C61 /* Release */ = {
			isa = XCBuildConfiguration;
			buildSettings = {
				ALWAYS_SEARCH_USER_PATHS = NO;
				CLANG_ANALYZER_NONNULL = YES;
				CLANG_ANALYZER_NUMBER_OBJECT_CONVERSION = YES_AGGRESSIVE;
				CLANG_CXX_LANGUAGE_STANDARD = "gnu++14";
				CLANG_CXX_LIBRARY = "libc++";
				CLANG_ENABLE_MODULES = YES;
				CLANG_ENABLE_OBJC_ARC = YES;
				CLANG_ENABLE_OBJC_WEAK = YES;
				CLANG_WARN_BLOCK_CAPTURE_AUTORELEASING = YES;
				CLANG_WARN_BOOL_CONVERSION = YES;
				CLANG_WARN_COMMA = YES;
				CLANG_WARN_CONSTANT_CONVERSION = YES;
				CLANG_WARN_DEPRECATED_OBJC_IMPLEMENTATIONS = YES;
				CLANG_WARN_DIRECT_OBJC_ISA_USAGE = YES_ERROR;
				CLANG_WARN_DOCUMENTATION_COMMENTS = YES;
				CLANG_WARN_EMPTY_BODY = YES;
				CLANG_WARN_ENUM_CONVERSION = YES;
				CLANG_WARN_INFINITE_RECURSION = YES;
				CLANG_WARN_INT_CONVERSION = YES;
				CLANG_WARN_NON_LITERAL_NULL_CONVERSION = YES;
				CLANG_WARN_OBJC_IMPLICIT_RETAIN_SELF = YES;
				CLANG_WARN_OBJC_LITERAL_CONVERSION = YES;
				CLANG_WARN_OBJC_ROOT_CLASS = YES_ERROR;
				CLANG_WARN_RANGE_LOOP_ANALYSIS = YES;
				CLANG_WARN_STRICT_PROTOTYPES = YES;
				CLANG_WARN_SUSPICIOUS_MOVE = YES;
				CLANG_WARN_UNGUARDED_AVAILABILITY = YES_AGGRESSIVE;
				CLANG_WARN_UNREACHABLE_CODE = YES;
				CLANG_WARN__DUPLICATE_METHOD_MATCH = YES;
				CODE_SIGN_IDENTITY = "iPhone Developer";
				COPY_PHASE_STRIP = NO;
				DEBUG_INFORMATION_FORMAT = "dwarf-with-dsym";
				DEFINES_MODULE = YES;
				ENABLE_NS_ASSERTIONS = NO;
				ENABLE_STRICT_OBJC_MSGSEND = YES;
				GCC_C_LANGUAGE_STANDARD = gnu11;
				GCC_NO_COMMON_BLOCKS = YES;
				GCC_WARN_64_TO_32_BIT_CONVERSION = YES;
				GCC_WARN_ABOUT_RETURN_TYPE = YES_ERROR;
				GCC_WARN_UNDECLARED_SELECTOR = YES;
				GCC_WARN_UNINITIALIZED_AUTOS = YES_AGGRESSIVE;
				GCC_WARN_UNUSED_FUNCTION = YES;
				GCC_WARN_UNUSED_VARIABLE = YES;
				IPHONEOS_DEPLOYMENT_TARGET = 12.2;
				MTL_ENABLE_DEBUG_INFO = NO;
				MTL_FAST_MATH = YES;
				SDKROOT = iphoneos;
				SWIFT_COMPILATION_MODE = wholemodule;
				SWIFT_OPTIMIZATION_LEVEL = "-O";
				VALIDATE_PRODUCT = YES;
			};
			name = Release;
		};
		277839A622E5E109009F5C61 /* Debug */ = {
			isa = XCBuildConfiguration;
			baseConfigurationReference = 39912F1908118FA314359A1F /* Pods-PartytionApp.debug.xcconfig */;
			buildSettings = {
				ASSETCATALOG_COMPILER_APPICON_NAME = AppIcon;
				CODE_SIGN_STYLE = Manual;
				DEFINES_MODULE = YES;
				DEVELOPMENT_TEAM = "";
				FRAMEWORK_SEARCH_PATHS = (
					"$(inherited)",
					"$(PROJECT_DIR)/Carthage/Build/iOS",
				);
				INFOPLIST_FILE = "$(SRCROOT)/PartytionApp/Info.plist";
				LD_RUNPATH_SEARCH_PATHS = (
					"$(inherited)",
					"@executable_path/Frameworks",
				);
				PRODUCT_BUNDLE_IDENTIFIER = naruhiyo.PartytionApp;
				PRODUCT_NAME = "$(TARGET_NAME)";
				PROVISIONING_PROFILE_SPECIFIER = "";
				SWIFT_OBJC_BRIDGING_HEADER = "$(SRCROOT)/$(PRODUCT)/Partytion-Bridging-Header.h";
				SWIFT_VERSION = 5.0;
				TARGETED_DEVICE_FAMILY = "1,2";
			};
			name = Debug;
		};
		277839A722E5E109009F5C61 /* Release */ = {
			isa = XCBuildConfiguration;
			baseConfigurationReference = 06C5117F7702EA13985993A7 /* Pods-PartytionApp.release.xcconfig */;
			buildSettings = {
				ASSETCATALOG_COMPILER_APPICON_NAME = AppIcon;
				CODE_SIGN_STYLE = Manual;
				DEFINES_MODULE = YES;
				DEVELOPMENT_TEAM = "";
				FRAMEWORK_SEARCH_PATHS = (
					"$(inherited)",
					"$(PROJECT_DIR)/Carthage/Build/iOS",
				);
				INFOPLIST_FILE = "$(SRCROOT)/PartytionApp/Info.plist";
				LD_RUNPATH_SEARCH_PATHS = (
					"$(inherited)",
					"@executable_path/Frameworks",
				);
				PRODUCT_BUNDLE_IDENTIFIER = naruhiyo.PartytionApp;
				PRODUCT_NAME = "$(TARGET_NAME)";
				PROVISIONING_PROFILE_SPECIFIER = "";
				SWIFT_OBJC_BRIDGING_HEADER = "$(SRCROOT)/$(PRODUCT)/Partytion-Bridging-Header.h";
				SWIFT_VERSION = 5.0;
				TARGETED_DEVICE_FAMILY = "1,2";
			};
			name = Release;
		};
		277839A922E5E109009F5C61 /* Debug */ = {
			isa = XCBuildConfiguration;
			baseConfigurationReference = 30C2F3056C94BB5463594BCF /* Pods-PartytionAppTests.debug.xcconfig */;
			buildSettings = {
				ALWAYS_EMBED_SWIFT_STANDARD_LIBRARIES = YES;
				BUNDLE_LOADER = "$(TEST_HOST)";
				CODE_SIGN_STYLE = Automatic;
				INFOPLIST_FILE = "partytion-appTests/Info.plist";
				LD_RUNPATH_SEARCH_PATHS = (
					"$(inherited)",
					"@executable_path/Frameworks",
					"@loader_path/Frameworks",
				);
				PRODUCT_BUNDLE_IDENTIFIER = "naruhiyo.partytion-appTests";
				PRODUCT_NAME = "$(TARGET_NAME)";
				SWIFT_VERSION = 5.0;
				TARGETED_DEVICE_FAMILY = "1,2";
				TEST_HOST = "$(BUILT_PRODUCTS_DIR)/PartytionApp.app/PartytionApp";
			};
			name = Debug;
		};
		277839AA22E5E109009F5C61 /* Release */ = {
			isa = XCBuildConfiguration;
			baseConfigurationReference = C37DE46CA75693220B9D24F0 /* Pods-PartytionAppTests.release.xcconfig */;
			buildSettings = {
				ALWAYS_EMBED_SWIFT_STANDARD_LIBRARIES = YES;
				BUNDLE_LOADER = "$(TEST_HOST)";
				CODE_SIGN_STYLE = Automatic;
				INFOPLIST_FILE = "partytion-appTests/Info.plist";
				LD_RUNPATH_SEARCH_PATHS = (
					"$(inherited)",
					"@executable_path/Frameworks",
					"@loader_path/Frameworks",
				);
				PRODUCT_BUNDLE_IDENTIFIER = "naruhiyo.partytion-appTests";
				PRODUCT_NAME = "$(TARGET_NAME)";
				SWIFT_VERSION = 5.0;
				TARGETED_DEVICE_FAMILY = "1,2";
				TEST_HOST = "$(BUILT_PRODUCTS_DIR)/PartytionApp.app/PartytionApp";
			};
			name = Release;
		};
		277839AC22E5E109009F5C61 /* Debug */ = {
			isa = XCBuildConfiguration;
			baseConfigurationReference = 38A7B04F94E69DC71695CE08 /* Pods-PartytionAppUITests.debug.xcconfig */;
			buildSettings = {
				ALWAYS_EMBED_SWIFT_STANDARD_LIBRARIES = YES;
				CODE_SIGN_STYLE = Automatic;
				INFOPLIST_FILE = "partytion-appUITests/Info.plist";
				LD_RUNPATH_SEARCH_PATHS = (
					"$(inherited)",
					"@executable_path/Frameworks",
					"@loader_path/Frameworks",
				);
				PRODUCT_BUNDLE_IDENTIFIER = "naruhiyo.partytion-appUITests";
				PRODUCT_NAME = "$(TARGET_NAME)";
				SWIFT_VERSION = 5.0;
				TARGETED_DEVICE_FAMILY = "1,2";
				TEST_TARGET_NAME = "partytion-app";
			};
			name = Debug;
		};
		277839AD22E5E109009F5C61 /* Release */ = {
			isa = XCBuildConfiguration;
			baseConfigurationReference = 06A63B30507F97D89ABF2744 /* Pods-PartytionAppUITests.release.xcconfig */;
			buildSettings = {
				ALWAYS_EMBED_SWIFT_STANDARD_LIBRARIES = YES;
				CODE_SIGN_STYLE = Automatic;
				INFOPLIST_FILE = "partytion-appUITests/Info.plist";
				LD_RUNPATH_SEARCH_PATHS = (
					"$(inherited)",
					"@executable_path/Frameworks",
					"@loader_path/Frameworks",
				);
				PRODUCT_BUNDLE_IDENTIFIER = "naruhiyo.partytion-appUITests";
				PRODUCT_NAME = "$(TARGET_NAME)";
				SWIFT_VERSION = 5.0;
				TARGETED_DEVICE_FAMILY = "1,2";
				TEST_TARGET_NAME = "partytion-app";
			};
			name = Release;
		};
/* End XCBuildConfiguration section */

/* Begin XCConfigurationList section */
		2778397822E5E108009F5C61 /* Build configuration list for PBXProject "PartytionApp" */ = {
			isa = XCConfigurationList;
			buildConfigurations = (
				277839A322E5E109009F5C61 /* Debug */,
				277839A422E5E109009F5C61 /* Release */,
			);
			defaultConfigurationIsVisible = 0;
			defaultConfigurationName = Release;
		};
		277839A522E5E109009F5C61 /* Build configuration list for PBXNativeTarget "PartytionApp" */ = {
			isa = XCConfigurationList;
			buildConfigurations = (
				277839A622E5E109009F5C61 /* Debug */,
				277839A722E5E109009F5C61 /* Release */,
			);
			defaultConfigurationIsVisible = 0;
			defaultConfigurationName = Release;
		};
		277839A822E5E109009F5C61 /* Build configuration list for PBXNativeTarget "PartytionAppTests" */ = {
			isa = XCConfigurationList;
			buildConfigurations = (
				277839A922E5E109009F5C61 /* Debug */,
				277839AA22E5E109009F5C61 /* Release */,
			);
			defaultConfigurationIsVisible = 0;
			defaultConfigurationName = Release;
		};
		277839AB22E5E109009F5C61 /* Build configuration list for PBXNativeTarget "PartytionAppUITests" */ = {
			isa = XCConfigurationList;
			buildConfigurations = (
				277839AC22E5E109009F5C61 /* Debug */,
				277839AD22E5E109009F5C61 /* Release */,
			);
			defaultConfigurationIsVisible = 0;
			defaultConfigurationName = Release;
		};
/* End XCConfigurationList section */

/* Begin XCVersionGroup section */
		27368929230ECBE4000EC4B5 /* PartytionDB.xcdatamodeld */ = {
			isa = XCVersionGroup;
			children = (
				2736892A230ECBE4000EC4B5 /* PartytionDB.xcdatamodel */,
			);
			currentVersion = 2736892A230ECBE4000EC4B5 /* PartytionDB.xcdatamodel */;
			path = PartytionDB.xcdatamodeld;
			sourceTree = "<group>";
			versionGroupType = wrapper.xcdatamodel;
		};
/* End XCVersionGroup section */
	};
	rootObject = 2778397522E5E108009F5C61 /* Project object */;
}
